
Microsoft Visual Studio Solution File, Format Version 12.00
# Visual Studio Version 17
VisualStudioVersion = 17.8.34330.188
MinimumVisualStudioVersion = 10.0.40219.1
Project("{FAE04EC0-301F-11D3-BF4B-00C04F79EFBC}") = "AnimalsManageApp", "AnimalsManageApp\AnimalsManageApp.csproj", "{7599FB6D-F89E-470B-BC53-D77B88C95E1E}"
EndProject
Global
	GlobalSection(SolutionConfigurationPlatforms) = preSolution
		Debug|Any CPU = Debug|Any CPU
		Release|Any CPU = Release|Any CPU
	EndGlobalSection
	GlobalSection(ProjectConfigurationPlatforms) = postSolution
		{7599FB6D-F89E-470B-BC53-D77B88C95E1E}.Debug|Any CPU.ActiveCfg = Debug|Any CPU
		{7599FB6D-F89E-470B-BC53-D77B88C95E1E}.Debug|Any CPU.Build.0 = Debug|Any CPU
		{7599FB6D-F89E-470B-BC53-D77B88C95E1E}.Release|Any CPU.ActiveCfg = Release|Any CPU
		{7599FB6D-F89E-470B-BC53-D77B88C95E1E}.Release|Any CPU.Build.0 = Release|Any CPU
	EndGlobalSection
	GlobalSection(SolutionProperties) = preSolution
		HideSolutionNode = FALSE
	EndGlobalSection
	GlobalSection(ExtensibilityGlobals) = postSolution
		SolutionGuid = {E7009AE1-D6B9-4A67-ACE3-E938BABE3D8F}
	EndGlobalSection
EndGlobal
